
Microsoft Visual Studio Solution File, Format Version 12.00
# Visual Studio Version 17
VisualStudioVersion = 17.0.31903.59
MinimumVisualStudioVersion = 10.0.40219.1
Project("{FAE04EC0-301F-11D3-BF4B-00C04F79EFBC}") = "API", "API\API.csproj", "{746210B1-03CF-4B9B-9520-4CC4C3480293}"
EndProject
Project("{FAE04EC0-301F-11D3-BF4B-00C04F79EFBC}") = "Application", "Application\Application.csproj", "{7BA4AECF-4DD6-4584-9A26-31AF56B51525}"
EndProject
Project("{FAE04EC0-301F-11D3-BF4B-00C04F79EFBC}") = "Persistence", "Persistence\Persistence.csproj", "{8FAFE041-A0D9-47A6-8F65-6BFDC6779B9F}"
EndProject
Project("{FAE04EC0-301F-11D3-BF4B-00C04F79EFBC}") = "Domain", "Domain\Domain.csproj", "{C069323A-F6D3-4222-961E-9E6DF3395684}"
EndProject
Project("{FAE04EC0-301F-11D3-BF4B-00C04F79EFBC}") = "Infrastructure", "Infrastructure\Infrastructure.csproj", "{A0ACADC0-C013-44CF-A9D7-D003D46A22B2}"
EndProject
Global
	GlobalSection(SolutionConfigurationPlatforms) = preSolution
		Debug|Any CPU = Debug|Any CPU
		Debug|x64 = Debug|x64
		Debug|x86 = Debug|x86
		Release|Any CPU = Release|Any CPU
		Release|x64 = Release|x64
		Release|x86 = Release|x86
	EndGlobalSection
	GlobalSection(ProjectConfigurationPlatforms) = postSolution
		{746210B1-03CF-4B9B-9520-4CC4C3480293}.Debug|Any CPU.ActiveCfg = Debug|Any CPU
		{746210B1-03CF-4B9B-9520-4CC4C3480293}.Debug|Any CPU.Build.0 = Debug|Any CPU
		{746210B1-03CF-4B9B-9520-4CC4C3480293}.Debug|x64.ActiveCfg = Debug|Any CPU
		{746210B1-03CF-4B9B-9520-4CC4C3480293}.Debug|x64.Build.0 = Debug|Any CPU
		{746210B1-03CF-4B9B-9520-4CC4C3480293}.Debug|x86.ActiveCfg = Debug|Any CPU
		{746210B1-03CF-4B9B-9520-4CC4C3480293}.Debug|x86.Build.0 = Debug|Any CPU
		{746210B1-03CF-4B9B-9520-4CC4C3480293}.Release|Any CPU.ActiveCfg = Release|Any CPU
		{746210B1-03CF-4B9B-9520-4CC4C3480293}.Release|Any CPU.Build.0 = Release|Any CPU
		{746210B1-03CF-4B9B-9520-4CC4C3480293}.Release|x64.ActiveCfg = Release|Any CPU
		{746210B1-03CF-4B9B-9520-4CC4C3480293}.Release|x64.Build.0 = Release|Any CPU
		{746210B1-03CF-4B9B-9520-4CC4C3480293}.Release|x86.ActiveCfg = Release|Any CPU
		{746210B1-03CF-4B9B-9520-4CC4C3480293}.Release|x86.Build.0 = Release|Any CPU
		{7BA4AECF-4DD6-4584-9A26-31AF56B51525}.Debug|Any CPU.ActiveCfg = Debug|Any CPU
		{7BA4AECF-4DD6-4584-9A26-31AF56B51525}.Debug|Any CPU.Build.0 = Debug|Any CPU
		{7BA4AECF-4DD6-4584-9A26-31AF56B51525}.Debug|x64.ActiveCfg = Debug|Any CPU
		{7BA4AECF-4DD6-4584-9A26-31AF56B51525}.Debug|x64.Build.0 = Debug|Any CPU
		{7BA4AECF-4DD6-4584-9A26-31AF56B51525}.Debug|x86.ActiveCfg = Debug|Any CPU
		{7BA4AECF-4DD6-4584-9A26-31AF56B51525}.Debug|x86.Build.0 = Debug|Any CPU
		{7BA4AECF-4DD6-4584-9A26-31AF56B51525}.Release|Any CPU.ActiveCfg = Release|Any CPU
		{7BA4AECF-4DD6-4584-9A26-31AF56B51525}.Release|Any CPU.Build.0 = Release|Any CPU
		{7BA4AECF-4DD6-4584-9A26-31AF56B51525}.Release|x64.ActiveCfg = Release|Any CPU
		{7BA4AECF-4DD6-4584-9A26-31AF56B51525}.Release|x64.Build.0 = Release|Any CPU
		{7BA4AECF-4DD6-4584-9A26-31AF56B51525}.Release|x86.ActiveCfg = Release|Any CPU
		{7BA4AECF-4DD6-4584-9A26-31AF56B51525}.Release|x86.Build.0 = Release|Any CPU
		{8FAFE041-A0D9-47A6-8F65-6BFDC6779B9F}.Debug|Any CPU.ActiveCfg = Debug|Any CPU
		{8FAFE041-A0D9-47A6-8F65-6BFDC6779B9F}.Debug|Any CPU.Build.0 = Debug|Any CPU
		{8FAFE041-A0D9-47A6-8F65-6BFDC6779B9F}.Debug|x64.ActiveCfg = Debug|Any CPU
		{8FAFE041-A0D9-47A6-8F65-6BFDC6779B9F}.Debug|x64.Build.0 = Debug|Any CPU
		{8FAFE041-A0D9-47A6-8F65-6BFDC6779B9F}.Debug|x86.ActiveCfg = Debug|Any CPU
		{8FAFE041-A0D9-47A6-8F65-6BFDC6779B9F}.Debug|x86.Build.0 = Debug|Any CPU
		{8FAFE041-A0D9-47A6-8F65-6BFDC6779B9F}.Release|Any CPU.ActiveCfg = Release|Any CPU
		{8FAFE041-A0D9-47A6-8F65-6BFDC6779B9F}.Release|Any CPU.Build.0 = Release|Any CPU
		{8FAFE041-A0D9-47A6-8F65-6BFDC6779B9F}.Release|x64.ActiveCfg = Release|Any CPU
		{8FAFE041-A0D9-47A6-8F65-6BFDC6779B9F}.Release|x64.Build.0 = Release|Any CPU
		{8FAFE041-A0D9-47A6-8F65-6BFDC6779B9F}.Release|x86.ActiveCfg = Release|Any CPU
		{8FAFE041-A0D9-47A6-8F65-6BFDC6779B9F}.Release|x86.Build.0 = Release|Any CPU
		{C069323A-F6D3-4222-961E-9E6DF3395684}.Debug|Any CPU.ActiveCfg = Debug|Any CPU
		{C069323A-F6D3-4222-961E-9E6DF3395684}.Debug|Any CPU.Build.0 = Debug|Any CPU
		{C069323A-F6D3-4222-961E-9E6DF3395684}.Debug|x64.ActiveCfg = Debug|Any CPU
		{C069323A-F6D3-4222-961E-9E6DF3395684}.Debug|x64.Build.0 = Debug|Any CPU
		{C069323A-F6D3-4222-961E-9E6DF3395684}.Debug|x86.ActiveCfg = Debug|Any CPU
		{C069323A-F6D3-4222-961E-9E6DF3395684}.Debug|x86.Build.0 = Debug|Any CPU
		{C069323A-F6D3-4222-961E-9E6DF3395684}.Release|Any CPU.ActiveCfg = Release|Any CPU
		{C069323A-F6D3-4222-961E-9E6DF3395684}.Release|Any CPU.Build.0 = Release|Any CPU
		{C069323A-F6D3-4222-961E-9E6DF3395684}.Release|x64.ActiveCfg = Release|Any CPU
		{C069323A-F6D3-4222-961E-9E6DF3395684}.Release|x64.Build.0 = Release|Any CPU
		{C069323A-F6D3-4222-961E-9E6DF3395684}.Release|x86.ActiveCfg = Release|Any CPU
		{C069323A-F6D3-4222-961E-9E6DF3395684}.Release|x86.Build.0 = Release|Any CPU
		{A0ACADC0-C013-44CF-A9D7-D003D46A22B2}.Debug|Any CPU.ActiveCfg = Debug|Any CPU
		{A0ACADC0-C013-44CF-A9D7-D003D46A22B2}.Debug|Any CPU.Build.0 = Debug|Any CPU
		{A0ACADC0-C013-44CF-A9D7-D003D46A22B2}.Debug|x64.ActiveCfg = Debug|Any CPU
		{A0ACADC0-C013-44CF-A9D7-D003D46A22B2}.Debug|x64.Build.0 = Debug|Any CPU
		{A0ACADC0-C013-44CF-A9D7-D003D46A22B2}.Debug|x86.ActiveCfg = Debug|Any CPU
		{A0ACADC0-C013-44CF-A9D7-D003D46A22B2}.Debug|x86.Build.0 = Debug|Any CPU
		{A0ACADC0-C013-44CF-A9D7-D003D46A22B2}.Release|Any CPU.ActiveCfg = Release|Any CPU
		{A0ACADC0-C013-44CF-A9D7-D003D46A22B2}.Release|Any CPU.Build.0 = Release|Any CPU
		{A0ACADC0-C013-44CF-A9D7-D003D46A22B2}.Release|x64.ActiveCfg = Release|Any CPU
		{A0ACADC0-C013-44CF-A9D7-D003D46A22B2}.Release|x64.Build.0 = Release|Any CPU
		{A0ACADC0-C013-44CF-A9D7-D003D46A22B2}.Release|x86.ActiveCfg = Release|Any CPU
		{A0ACADC0-C013-44CF-A9D7-D003D46A22B2}.Release|x86.Build.0 = Release|Any CPU
	EndGlobalSection
	GlobalSection(SolutionProperties) = preSolution
		HideSolutionNode = FALSE
	EndGlobalSection
EndGlobal
